
Microsoft Visual Studio Solution File, Format Version 12.00
Project("{2150E333-8FDC-42A3-9474-1A3956D46DE8}") = "WebAPI", "WebAPI", "{172A310C-2B39-4233-A736-27FB0330A03E}"
EndProject
Project("{2150E333-8FDC-42A3-9474-1A3956D46DE8}") = "Data", "Data", "{F42A537E-90BF-488F-9D68-F331D3B32108}"
EndProject
Project("{2150E333-8FDC-42A3-9474-1A3956D46DE8}") = "UI", "UI", "{5F610622-AC73-4D7F-9EDE-7A74CD60F3D2}"
EndProject
Project("{2150E333-8FDC-42A3-9474-1A3956D46DE8}") = "Base", "Base", "{1C1F4730-5AEA-4947-868B-913521C7804C}"
EndProject
Project("{FAE04EC0-301F-11D3-BF4B-00C04F79EFBC}") = "Core", "UI\Core\Core.csproj", "{F53E684E-4914-4E27-AB8F-59909ADDE823}"
EndProject
Project("{FAE04EC0-301F-11D3-BF4B-00C04F79EFBC}") = "AvaloniaUIClient", "UI\AvaloniaUIClient\AvaloniaUIClient.csproj", "{563998B9-8720-4DEE-8C43-74B07596EAA2}"
EndProject
Project("{FAE04EC0-301F-11D3-BF4B-00C04F79EFBC}") = "API", "WebAPI\API\API.csproj", "{ACB9217B-2AAB-46B1-A590-7E54CC5BF764}"
EndProject
Project("{FAE04EC0-301F-11D3-BF4B-00C04F79EFBC}") = "Interfaces", "Base\Interfaces\Interfaces.csproj", "{C9D8976A-01D3-4421-9767-8A6A47103FC0}"
EndProject
Project("{FAE04EC0-301F-11D3-BF4B-00C04F79EFBC}") = "Models", "Base\Models\Models.csproj", "{70EE3CF9-C257-4503-9DFE-BAF086E37F67}"
EndProject
Project("{FAE04EC0-301F-11D3-BF4B-00C04F79EFBC}") = "DAL", "Data\DAL\DAL.csproj", "{C16CE64D-EC51-49E4-BB99-9DC2EED6DA00}"
EndProject
Project("{FAE04EC0-301F-11D3-BF4B-00C04F79EFBC}") = "DAL.SqlServer", "Data\DAL.SqlServer\DAL.SqlServer.csproj", "{6CFCA7C8-731C-4037-BEA9-23F116C830BC}"
EndProject
Project("{FAE04EC0-301F-11D3-BF4B-00C04F79EFBC}") = "HTTPClients", "Data\HTTPClients\HTTPClients.csproj", "{CB073810-4BD8-4B65-951F-8326E6BECFEC}"
EndProject
Project("{FAE04EC0-301F-11D3-BF4B-00C04F79EFBC}") = "DAL.SqlLite", "Data\DAL.SqlLite\DAL.SqlLite.csproj", "{9DDE2DD6-F4C2-4235-BC40-BF59FE458CA2}"
EndProject
Project("{FAE04EC0-301F-11D3-BF4B-00C04F79EFBC}") = "ConsoleUI", "UI\ConsoleUI\ConsoleUI.csproj", "{C7B46D5B-6FAB-467A-BF04-2E2C4E70D124}"
EndProject
Project("{2150E333-8FDC-42A3-9474-1A3956D46DE8}") = "Avalonia", "Avalonia", "{C7323520-A971-4F12-B502-2E060EB3393B}"
EndProject
Project("{FAE04EC0-301F-11D3-BF4B-00C04F79EFBC}") = "BlazorUI", "UI\BlazorUI\BlazorUI.csproj", "{B4D5BB8F-E6B4-4DD5-A23A-731BB2B489F2}"
EndProject
Global
	GlobalSection(SolutionConfigurationPlatforms) = preSolution
		Debug|Any CPU = Debug|Any CPU
		Release|Any CPU = Release|Any CPU
	EndGlobalSection
	GlobalSection(ProjectConfigurationPlatforms) = postSolution
		{F53E684E-4914-4E27-AB8F-59909ADDE823}.Debug|Any CPU.ActiveCfg = Debug|Any CPU
		{F53E684E-4914-4E27-AB8F-59909ADDE823}.Debug|Any CPU.Build.0 = Debug|Any CPU
		{F53E684E-4914-4E27-AB8F-59909ADDE823}.Release|Any CPU.ActiveCfg = Release|Any CPU
		{F53E684E-4914-4E27-AB8F-59909ADDE823}.Release|Any CPU.Build.0 = Release|Any CPU
		{563998B9-8720-4DEE-8C43-74B07596EAA2}.Debug|Any CPU.ActiveCfg = Debug|Any CPU
		{563998B9-8720-4DEE-8C43-74B07596EAA2}.Debug|Any CPU.Build.0 = Debug|Any CPU
		{563998B9-8720-4DEE-8C43-74B07596EAA2}.Release|Any CPU.ActiveCfg = Release|Any CPU
		{563998B9-8720-4DEE-8C43-74B07596EAA2}.Release|Any CPU.Build.0 = Release|Any CPU
		{ACB9217B-2AAB-46B1-A590-7E54CC5BF764}.Debug|Any CPU.ActiveCfg = Debug|Any CPU
		{ACB9217B-2AAB-46B1-A590-7E54CC5BF764}.Debug|Any CPU.Build.0 = Debug|Any CPU
		{ACB9217B-2AAB-46B1-A590-7E54CC5BF764}.Release|Any CPU.ActiveCfg = Release|Any CPU
		{ACB9217B-2AAB-46B1-A590-7E54CC5BF764}.Release|Any CPU.Build.0 = Release|Any CPU
		{C9D8976A-01D3-4421-9767-8A6A47103FC0}.Debug|Any CPU.ActiveCfg = Debug|Any CPU
		{C9D8976A-01D3-4421-9767-8A6A47103FC0}.Debug|Any CPU.Build.0 = Debug|Any CPU
		{C9D8976A-01D3-4421-9767-8A6A47103FC0}.Release|Any CPU.ActiveCfg = Release|Any CPU
		{C9D8976A-01D3-4421-9767-8A6A47103FC0}.Release|Any CPU.Build.0 = Release|Any CPU
		{C16CE64D-EC51-49E4-BB99-9DC2EED6DA00}.Debug|Any CPU.ActiveCfg = Debug|Any CPU
		{C16CE64D-EC51-49E4-BB99-9DC2EED6DA00}.Debug|Any CPU.Build.0 = Debug|Any CPU
		{C16CE64D-EC51-49E4-BB99-9DC2EED6DA00}.Release|Any CPU.ActiveCfg = Release|Any CPU
		{C16CE64D-EC51-49E4-BB99-9DC2EED6DA00}.Release|Any CPU.Build.0 = Release|Any CPU
		{6CFCA7C8-731C-4037-BEA9-23F116C830BC}.Debug|Any CPU.ActiveCfg = Debug|Any CPU
		{6CFCA7C8-731C-4037-BEA9-23F116C830BC}.Debug|Any CPU.Build.0 = Debug|Any CPU
		{6CFCA7C8-731C-4037-BEA9-23F116C830BC}.Release|Any CPU.ActiveCfg = Release|Any CPU
		{6CFCA7C8-731C-4037-BEA9-23F116C830BC}.Release|Any CPU.Build.0 = Release|Any CPU
		{CB073810-4BD8-4B65-951F-8326E6BECFEC}.Debug|Any CPU.ActiveCfg = Debug|Any CPU
		{CB073810-4BD8-4B65-951F-8326E6BECFEC}.Debug|Any CPU.Build.0 = Debug|Any CPU
		{CB073810-4BD8-4B65-951F-8326E6BECFEC}.Release|Any CPU.ActiveCfg = Release|Any CPU
		{CB073810-4BD8-4B65-951F-8326E6BECFEC}.Release|Any CPU.Build.0 = Release|Any CPU
		{9DDE2DD6-F4C2-4235-BC40-BF59FE458CA2}.Debug|Any CPU.ActiveCfg = Debug|Any CPU
		{9DDE2DD6-F4C2-4235-BC40-BF59FE458CA2}.Debug|Any CPU.Build.0 = Debug|Any CPU
		{9DDE2DD6-F4C2-4235-BC40-BF59FE458CA2}.Release|Any CPU.ActiveCfg = Release|Any CPU
		{9DDE2DD6-F4C2-4235-BC40-BF59FE458CA2}.Release|Any CPU.Build.0 = Release|Any CPU
		{70EE3CF9-C257-4503-9DFE-BAF086E37F67}.Debug|Any CPU.ActiveCfg = Debug|Any CPU
		{70EE3CF9-C257-4503-9DFE-BAF086E37F67}.Debug|Any CPU.Build.0 = Debug|Any CPU
		{70EE3CF9-C257-4503-9DFE-BAF086E37F67}.Release|Any CPU.ActiveCfg = Release|Any CPU
		{70EE3CF9-C257-4503-9DFE-BAF086E37F67}.Release|Any CPU.Build.0 = Release|Any CPU
		{C7B46D5B-6FAB-467A-BF04-2E2C4E70D124}.Debug|Any CPU.ActiveCfg = Debug|Any CPU
		{C7B46D5B-6FAB-467A-BF04-2E2C4E70D124}.Debug|Any CPU.Build.0 = Debug|Any CPU
		{C7B46D5B-6FAB-467A-BF04-2E2C4E70D124}.Release|Any CPU.ActiveCfg = Release|Any CPU
		{C7B46D5B-6FAB-467A-BF04-2E2C4E70D124}.Release|Any CPU.Build.0 = Release|Any CPU
		{B4D5BB8F-E6B4-4DD5-A23A-731BB2B489F2}.Debug|Any CPU.ActiveCfg = Debug|Any CPU
		{B4D5BB8F-E6B4-4DD5-A23A-731BB2B489F2}.Debug|Any CPU.Build.0 = Debug|Any CPU
		{B4D5BB8F-E6B4-4DD5-A23A-731BB2B489F2}.Release|Any CPU.ActiveCfg = Release|Any CPU
		{B4D5BB8F-E6B4-4DD5-A23A-731BB2B489F2}.Release|Any CPU.Build.0 = Release|Any CPU
	EndGlobalSection
	GlobalSection(NestedProjects) = preSolution
		{C16CE64D-EC51-49E4-BB99-9DC2EED6DA00} = {F42A537E-90BF-488F-9D68-F331D3B32108}
		{C9D8976A-01D3-4421-9767-8A6A47103FC0} = {1C1F4730-5AEA-4947-868B-913521C7804C}
		{6CFCA7C8-731C-4037-BEA9-23F116C830BC} = {F42A537E-90BF-488F-9D68-F331D3B32108}
		{CB073810-4BD8-4B65-951F-8326E6BECFEC} = {F42A537E-90BF-488F-9D68-F331D3B32108}
		{9DDE2DD6-F4C2-4235-BC40-BF59FE458CA2} = {F42A537E-90BF-488F-9D68-F331D3B32108}
		{70EE3CF9-C257-4503-9DFE-BAF086E37F67} = {1C1F4730-5AEA-4947-868B-913521C7804C}
		{ACB9217B-2AAB-46B1-A590-7E54CC5BF764} = {172A310C-2B39-4233-A736-27FB0330A03E}
		{C7B46D5B-6FAB-467A-BF04-2E2C4E70D124} = {5F610622-AC73-4D7F-9EDE-7A74CD60F3D2}
		{C7323520-A971-4F12-B502-2E060EB3393B} = {5F610622-AC73-4D7F-9EDE-7A74CD60F3D2}
		{563998B9-8720-4DEE-8C43-74B07596EAA2} = {C7323520-A971-4F12-B502-2E060EB3393B}
		{F53E684E-4914-4E27-AB8F-59909ADDE823} = {C7323520-A971-4F12-B502-2E060EB3393B}
		{B4D5BB8F-E6B4-4DD5-A23A-731BB2B489F2} = {5F610622-AC73-4D7F-9EDE-7A74CD60F3D2}
	EndGlobalSection
	GlobalSection(NestedProjects) = preSolution
		{563998B9-8720-4DEE-8C43-74B07596EAA2} = {AB0FDFE2-9C47-4DFB-B5CA-83BF30E05A55}
		{F53E684E-4914-4E27-AB8F-59909ADDE823} = {AB0FDFE2-9C47-4DFB-B5CA-83BF30E05A55}
	EndGlobalSection
EndGlobal
