
Microsoft Visual Studio Solution File, Format Version 12.00
Project("{2150E333-8FDC-42A3-9474-1A3956D46DE8}") = "WebAPI", "WebAPI", "{172A310C-2B39-4233-A736-27FB0330A03E}"
EndProject
Project("{2150E333-8FDC-42A3-9474-1A3956D46DE8}") = "Data", "Data", "{F42A537E-90BF-488F-9D68-F331D3B32108}"
EndProject
Project("{2150E333-8FDC-42A3-9474-1A3956D46DE8}") = "Client", "Client", "{5F610622-AC73-4D7F-9EDE-7A74CD60F3D2}"
EndProject
Project("{2150E333-8FDC-42A3-9474-1A3956D46DE8}") = "Base", "Base", "{1C1F4730-5AEA-4947-868B-913521C7804C}"
EndProject
Project("{FAE04EC0-301F-11D3-BF4B-00C04F79EFBC}") = "API", "WebAPI\API\API.csproj", "{ACB9217B-2AAB-46B1-A590-7E54CC5BF764}"
EndProject
Project("{FAE04EC0-301F-11D3-BF4B-00C04F79EFBC}") = "Interfaces", "Base\Interfaces\Interfaces.csproj", "{C9D8976A-01D3-4421-9767-8A6A47103FC0}"
EndProject
Project("{FAE04EC0-301F-11D3-BF4B-00C04F79EFBC}") = "Models", "Base\Models\Models.csproj", "{70EE3CF9-C257-4503-9DFE-BAF086E37F67}"
EndProject
Project("{FAE04EC0-301F-11D3-BF4B-00C04F79EFBC}") = "DAL", "Data\DAL\DAL.csproj", "{C16CE64D-EC51-49E4-BB99-9DC2EED6DA00}"
EndProject
Project("{FAE04EC0-301F-11D3-BF4B-00C04F79EFBC}") = "DAL.SqlServer", "Data\DAL.SqlServer\DAL.SqlServer.csproj", "{6CFCA7C8-731C-4037-BEA9-23F116C830BC}"
EndProject
Project("{FAE04EC0-301F-11D3-BF4B-00C04F79EFBC}") = "HTTPClients", "Data\HTTPClients\HTTPClients.csproj", "{CB073810-4BD8-4B65-951F-8326E6BECFEC}"
EndProject
Project("{FAE04EC0-301F-11D3-BF4B-00C04F79EFBC}") = "DAL.SqlLite", "Data\DAL.SqlLite\DAL.SqlLite.csproj", "{9DDE2DD6-F4C2-4235-BC40-BF59FE458CA2}"
EndProject
Project("{2150E333-8FDC-42A3-9474-1A3956D46DE8}") = "Common", "Common", "{57FBEF0E-BC1F-4EEA-A54D-EEBAFF9A28E6}"
EndProject
Project("{FAE04EC0-301F-11D3-BF4B-00C04F79EFBC}") = "Domain", "Common\Domain\Domain.csproj", "{C505942C-52E1-4547-AEFB-EB67DFC1BF30}"
EndProject
Project("{FAE04EC0-301F-11D3-BF4B-00C04F79EFBC}") = "Services", "Common\Services\Services.csproj", "{6D494215-2E95-4FCD-A1FF-BF7A646E647D}"
EndProject
Project("{FAE04EC0-301F-11D3-BF4B-00C04F79EFBC}") = "Client-Avalonia", "Client\Client-Avalonia\Client-Avalonia.csproj", "{A726F31B-8437-4A59-8A84-1919ADD3F6B5}"
EndProject
Project("{FAE04EC0-301F-11D3-BF4B-00C04F79EFBC}") = "Client-Core", "Client\Client-Core\Client-Core.csproj", "{4BA7ADE6-BBC0-4115-91D2-77B679BD5B1C}"
EndProject
Global
	GlobalSection(SolutionConfigurationPlatforms) = preSolution
		Debug|Any CPU = Debug|Any CPU
		Release|Any CPU = Release|Any CPU
	EndGlobalSection
	GlobalSection(ProjectConfigurationPlatforms) = postSolution
		{ACB9217B-2AAB-46B1-A590-7E54CC5BF764}.Debug|Any CPU.ActiveCfg = Debug|Any CPU
		{ACB9217B-2AAB-46B1-A590-7E54CC5BF764}.Debug|Any CPU.Build.0 = Debug|Any CPU
		{ACB9217B-2AAB-46B1-A590-7E54CC5BF764}.Release|Any CPU.ActiveCfg = Release|Any CPU
		{ACB9217B-2AAB-46B1-A590-7E54CC5BF764}.Release|Any CPU.Build.0 = Release|Any CPU
		{C9D8976A-01D3-4421-9767-8A6A47103FC0}.Debug|Any CPU.ActiveCfg = Debug|Any CPU
		{C9D8976A-01D3-4421-9767-8A6A47103FC0}.Debug|Any CPU.Build.0 = Debug|Any CPU
		{C9D8976A-01D3-4421-9767-8A6A47103FC0}.Release|Any CPU.ActiveCfg = Release|Any CPU
		{C9D8976A-01D3-4421-9767-8A6A47103FC0}.Release|Any CPU.Build.0 = Release|Any CPU
		{C16CE64D-EC51-49E4-BB99-9DC2EED6DA00}.Debug|Any CPU.ActiveCfg = Debug|Any CPU
		{C16CE64D-EC51-49E4-BB99-9DC2EED6DA00}.Debug|Any CPU.Build.0 = Debug|Any CPU
		{C16CE64D-EC51-49E4-BB99-9DC2EED6DA00}.Release|Any CPU.ActiveCfg = Release|Any CPU
		{C16CE64D-EC51-49E4-BB99-9DC2EED6DA00}.Release|Any CPU.Build.0 = Release|Any CPU
		{6CFCA7C8-731C-4037-BEA9-23F116C830BC}.Debug|Any CPU.ActiveCfg = Debug|Any CPU
		{6CFCA7C8-731C-4037-BEA9-23F116C830BC}.Debug|Any CPU.Build.0 = Debug|Any CPU
		{6CFCA7C8-731C-4037-BEA9-23F116C830BC}.Release|Any CPU.ActiveCfg = Release|Any CPU
		{6CFCA7C8-731C-4037-BEA9-23F116C830BC}.Release|Any CPU.Build.0 = Release|Any CPU
		{CB073810-4BD8-4B65-951F-8326E6BECFEC}.Debug|Any CPU.ActiveCfg = Debug|Any CPU
		{CB073810-4BD8-4B65-951F-8326E6BECFEC}.Debug|Any CPU.Build.0 = Debug|Any CPU
		{CB073810-4BD8-4B65-951F-8326E6BECFEC}.Release|Any CPU.ActiveCfg = Release|Any CPU
		{CB073810-4BD8-4B65-951F-8326E6BECFEC}.Release|Any CPU.Build.0 = Release|Any CPU
		{9DDE2DD6-F4C2-4235-BC40-BF59FE458CA2}.Debug|Any CPU.ActiveCfg = Debug|Any CPU
		{9DDE2DD6-F4C2-4235-BC40-BF59FE458CA2}.Debug|Any CPU.Build.0 = Debug|Any CPU
		{9DDE2DD6-F4C2-4235-BC40-BF59FE458CA2}.Release|Any CPU.ActiveCfg = Release|Any CPU
		{9DDE2DD6-F4C2-4235-BC40-BF59FE458CA2}.Release|Any CPU.Build.0 = Release|Any CPU
		{70EE3CF9-C257-4503-9DFE-BAF086E37F67}.Debug|Any CPU.ActiveCfg = Debug|Any CPU
		{70EE3CF9-C257-4503-9DFE-BAF086E37F67}.Debug|Any CPU.Build.0 = Debug|Any CPU
		{70EE3CF9-C257-4503-9DFE-BAF086E37F67}.Release|Any CPU.ActiveCfg = Release|Any CPU
		{70EE3CF9-C257-4503-9DFE-BAF086E37F67}.Release|Any CPU.Build.0 = Release|Any CPU
		{C505942C-52E1-4547-AEFB-EB67DFC1BF30}.Debug|Any CPU.ActiveCfg = Debug|Any CPU
		{C505942C-52E1-4547-AEFB-EB67DFC1BF30}.Debug|Any CPU.Build.0 = Debug|Any CPU
		{C505942C-52E1-4547-AEFB-EB67DFC1BF30}.Release|Any CPU.ActiveCfg = Release|Any CPU
		{C505942C-52E1-4547-AEFB-EB67DFC1BF30}.Release|Any CPU.Build.0 = Release|Any CPU
		{6D494215-2E95-4FCD-A1FF-BF7A646E647D}.Debug|Any CPU.ActiveCfg = Debug|Any CPU
		{6D494215-2E95-4FCD-A1FF-BF7A646E647D}.Debug|Any CPU.Build.0 = Debug|Any CPU
		{6D494215-2E95-4FCD-A1FF-BF7A646E647D}.Release|Any CPU.ActiveCfg = Release|Any CPU
		{6D494215-2E95-4FCD-A1FF-BF7A646E647D}.Release|Any CPU.Build.0 = Release|Any CPU
		{A726F31B-8437-4A59-8A84-1919ADD3F6B5}.Debug|Any CPU.ActiveCfg = Debug|Any CPU
		{A726F31B-8437-4A59-8A84-1919ADD3F6B5}.Debug|Any CPU.Build.0 = Debug|Any CPU
		{A726F31B-8437-4A59-8A84-1919ADD3F6B5}.Release|Any CPU.ActiveCfg = Release|Any CPU
		{A726F31B-8437-4A59-8A84-1919ADD3F6B5}.Release|Any CPU.Build.0 = Release|Any CPU
		{4BA7ADE6-BBC0-4115-91D2-77B679BD5B1C}.Debug|Any CPU.ActiveCfg = Debug|Any CPU
		{4BA7ADE6-BBC0-4115-91D2-77B679BD5B1C}.Debug|Any CPU.Build.0 = Debug|Any CPU
		{4BA7ADE6-BBC0-4115-91D2-77B679BD5B1C}.Release|Any CPU.ActiveCfg = Release|Any CPU
		{4BA7ADE6-BBC0-4115-91D2-77B679BD5B1C}.Release|Any CPU.Build.0 = Release|Any CPU
	EndGlobalSection
	GlobalSection(NestedProjects) = preSolution
		{C16CE64D-EC51-49E4-BB99-9DC2EED6DA00} = {F42A537E-90BF-488F-9D68-F331D3B32108}
		{C9D8976A-01D3-4421-9767-8A6A47103FC0} = {1C1F4730-5AEA-4947-868B-913521C7804C}
		{6CFCA7C8-731C-4037-BEA9-23F116C830BC} = {F42A537E-90BF-488F-9D68-F331D3B32108}
		{CB073810-4BD8-4B65-951F-8326E6BECFEC} = {F42A537E-90BF-488F-9D68-F331D3B32108}
		{9DDE2DD6-F4C2-4235-BC40-BF59FE458CA2} = {F42A537E-90BF-488F-9D68-F331D3B32108}
		{70EE3CF9-C257-4503-9DFE-BAF086E37F67} = {1C1F4730-5AEA-4947-868B-913521C7804C}
		{ACB9217B-2AAB-46B1-A590-7E54CC5BF764} = {172A310C-2B39-4233-A736-27FB0330A03E}
		{C505942C-52E1-4547-AEFB-EB67DFC1BF30} = {57FBEF0E-BC1F-4EEA-A54D-EEBAFF9A28E6}
		{6D494215-2E95-4FCD-A1FF-BF7A646E647D} = {57FBEF0E-BC1F-4EEA-A54D-EEBAFF9A28E6}
		{A726F31B-8437-4A59-8A84-1919ADD3F6B5} = {5F610622-AC73-4D7F-9EDE-7A74CD60F3D2}
		{4BA7ADE6-BBC0-4115-91D2-77B679BD5B1C} = {5F610622-AC73-4D7F-9EDE-7A74CD60F3D2}
	EndGlobalSection
	GlobalSection(NestedProjects) = preSolution
		{563998B9-8720-4DEE-8C43-74B07596EAA2} = {AB0FDFE2-9C47-4DFB-B5CA-83BF30E05A55}
		{F53E684E-4914-4E27-AB8F-59909ADDE823} = {AB0FDFE2-9C47-4DFB-B5CA-83BF30E05A55}
	EndGlobalSection
EndGlobal
